
Microsoft Visual Studio Solution File, Format Version 12.00
# Visual Studio Version 16
VisualStudioVersion = 16.0.29020.237
MinimumVisualStudioVersion = 10.0.40219.1
Project("{FAE04EC0-301F-11D3-BF4B-00C04F79EFBC}") = "Knowledge.com", "Knowledge.com\Knowledge.com.csproj", "{3415C6F6-3C94-46ED-A6B5-5E329DB60DC0}"
EndProject
Project("{FAE04EC0-301F-11D3-BF4B-00C04F79EFBC}") = "Fundamentals", "Fundamentals\Fundamentals.csproj", "{6BBE5F7C-4B5C-4232-AB8B-405540758F4C}"
EndProject
Global
	GlobalSection(SolutionConfigurationPlatforms) = preSolution
		Debug|Any CPU = Debug|Any CPU
		Release|Any CPU = Release|Any CPU
	EndGlobalSection
	GlobalSection(ProjectConfigurationPlatforms) = postSolution
		{3415C6F6-3C94-46ED-A6B5-5E329DB60DC0}.Debug|Any CPU.ActiveCfg = Debug|Any CPU
		{3415C6F6-3C94-46ED-A6B5-5E329DB60DC0}.Debug|Any CPU.Build.0 = Debug|Any CPU
		{3415C6F6-3C94-46ED-A6B5-5E329DB60DC0}.Release|Any CPU.ActiveCfg = Release|Any CPU
		{3415C6F6-3C94-46ED-A6B5-5E329DB60DC0}.Release|Any CPU.Build.0 = Release|Any CPU
		{6BBE5F7C-4B5C-4232-AB8B-405540758F4C}.Debug|Any CPU.ActiveCfg = Debug|Any CPU
		{6BBE5F7C-4B5C-4232-AB8B-405540758F4C}.Debug|Any CPU.Build.0 = Debug|Any CPU
		{6BBE5F7C-4B5C-4232-AB8B-405540758F4C}.Release|Any CPU.ActiveCfg = Release|Any CPU
		{6BBE5F7C-4B5C-4232-AB8B-405540758F4C}.Release|Any CPU.Build.0 = Release|Any CPU
	EndGlobalSection
	GlobalSection(SolutionProperties) = preSolution
		HideSolutionNode = FALSE
	EndGlobalSection
	GlobalSection(ExtensibilityGlobals) = postSolution
		SolutionGuid = {893B7E9A-FCA2-4047-9BF7-B14845968098}
	EndGlobalSection
EndGlobal
